
Microsoft Visual Studio Solution File, Format Version 12.00
# Visual Studio 15
VisualStudioVersion = 15.0.28010.2050
MinimumVisualStudioVersion = 10.0.40219.1
Project("{FAE04EC0-301F-11D3-BF4B-00C04F79EFBC}") = "SocketServer", "SocketServer\SocketServer.csproj", "{07B97B8B-C96F-4CEB-9F40-A57E2DF54C7F}"
EndProject
Global
	GlobalSection(SolutionConfigurationPlatforms) = preSolution
		Debug|Any CPU = Debug|Any CPU
		Release|Any CPU = Release|Any CPU
	EndGlobalSection
	GlobalSection(ProjectConfigurationPlatforms) = postSolution
		{07B97B8B-C96F-4CEB-9F40-A57E2DF54C7F}.Debug|Any CPU.ActiveCfg = Debug|Any CPU
		{07B97B8B-C96F-4CEB-9F40-A57E2DF54C7F}.Debug|Any CPU.Build.0 = Debug|Any CPU
		{07B97B8B-C96F-4CEB-9F40-A57E2DF54C7F}.Release|Any CPU.ActiveCfg = Release|Any CPU
		{07B97B8B-C96F-4CEB-9F40-A57E2DF54C7F}.Release|Any CPU.Build.0 = Release|Any CPU
	EndGlobalSection
	GlobalSection(SolutionProperties) = preSolution
		HideSolutionNode = FALSE
	EndGlobalSection
	GlobalSection(ExtensibilityGlobals) = postSolution
		SolutionGuid = {89AE64CA-1FFA-48E3-A8BE-CD800A6ADF81}
	EndGlobalSection
EndGlobal
