
Microsoft Visual Studio Solution File, Format Version 12.00
# Visual Studio 15
VisualStudioVersion = 15.0.28010.2050
MinimumVisualStudioVersion = 10.0.40219.1
Project("{FAE04EC0-301F-11D3-BF4B-00C04F79EFBC}") = "TcpIp", "TcpIp\TcpIp.csproj", "{D23ECDB4-D522-4CAE-87AB-92BC09FC83F6}"
EndProject
Global
	GlobalSection(SolutionConfigurationPlatforms) = preSolution
		Debug|Any CPU = Debug|Any CPU
		Release|Any CPU = Release|Any CPU
	EndGlobalSection
	GlobalSection(ProjectConfigurationPlatforms) = postSolution
		{D23ECDB4-D522-4CAE-87AB-92BC09FC83F6}.Debug|Any CPU.ActiveCfg = Debug|Any CPU
		{D23ECDB4-D522-4CAE-87AB-92BC09FC83F6}.Debug|Any CPU.Build.0 = Debug|Any CPU
		{D23ECDB4-D522-4CAE-87AB-92BC09FC83F6}.Release|Any CPU.ActiveCfg = Release|Any CPU
		{D23ECDB4-D522-4CAE-87AB-92BC09FC83F6}.Release|Any CPU.Build.0 = Release|Any CPU
	EndGlobalSection
	GlobalSection(SolutionProperties) = preSolution
		HideSolutionNode = FALSE
	EndGlobalSection
	GlobalSection(ExtensibilityGlobals) = postSolution
		SolutionGuid = {E1F4FF5C-F437-4191-AD91-4BC2831313A6}
	EndGlobalSection
EndGlobal
