
Microsoft Visual Studio Solution File, Format Version 12.00
# Visual Studio 15
VisualStudioVersion = 15.0.28010.2050
MinimumVisualStudioVersion = 10.0.40219.1
Project("{FAE04EC0-301F-11D3-BF4B-00C04F79EFBC}") = "LinqTest", "LinqTest\LinqTest.csproj", "{B385F058-1170-47F2-840A-6B8288F7A495}"
EndProject
Global
	GlobalSection(SolutionConfigurationPlatforms) = preSolution
		Debug|Any CPU = Debug|Any CPU
		Release|Any CPU = Release|Any CPU
	EndGlobalSection
	GlobalSection(ProjectConfigurationPlatforms) = postSolution
		{B385F058-1170-47F2-840A-6B8288F7A495}.Debug|Any CPU.ActiveCfg = Debug|Any CPU
		{B385F058-1170-47F2-840A-6B8288F7A495}.Debug|Any CPU.Build.0 = Debug|Any CPU
		{B385F058-1170-47F2-840A-6B8288F7A495}.Release|Any CPU.ActiveCfg = Release|Any CPU
		{B385F058-1170-47F2-840A-6B8288F7A495}.Release|Any CPU.Build.0 = Release|Any CPU
	EndGlobalSection
	GlobalSection(SolutionProperties) = preSolution
		HideSolutionNode = FALSE
	EndGlobalSection
	GlobalSection(ExtensibilityGlobals) = postSolution
		SolutionGuid = {4CAF4DE9-1A58-4A3C-93F4-7268D27F60B9}
	EndGlobalSection
EndGlobal
